
Microsoft Visual Studio Solution File, Format Version 12.00
# Visual Studio Version 16
VisualStudioVersion = 16.0.33130.400
MinimumVisualStudioVersion = 10.0.40219.1
Project("{FAE04EC0-301F-11D3-BF4B-00C04F79EFBC}") = "AngularPeliculasAPI", "AngularPeliculasAPI\AngularPeliculasAPI.csproj", "{DCB491D5-BD77-41D3-B543-A90D0B7FD8DB}"
EndProject
Global
	GlobalSection(SolutionConfigurationPlatforms) = preSolution
		Debug|Any CPU = Debug|Any CPU
		Release|Any CPU = Release|Any CPU
	EndGlobalSection
	GlobalSection(ProjectConfigurationPlatforms) = postSolution
		{DCB491D5-BD77-41D3-B543-A90D0B7FD8DB}.Debug|Any CPU.ActiveCfg = Debug|Any CPU
		{DCB491D5-BD77-41D3-B543-A90D0B7FD8DB}.Debug|Any CPU.Build.0 = Debug|Any CPU
		{DCB491D5-BD77-41D3-B543-A90D0B7FD8DB}.Release|Any CPU.ActiveCfg = Release|Any CPU
		{DCB491D5-BD77-41D3-B543-A90D0B7FD8DB}.Release|Any CPU.Build.0 = Release|Any CPU
	EndGlobalSection
	GlobalSection(SolutionProperties) = preSolution
		HideSolutionNode = FALSE
	EndGlobalSection
	GlobalSection(ExtensibilityGlobals) = postSolution
		SolutionGuid = {7D20BE5B-53F5-42B4-BE6B-AFBD974CC04B}
	EndGlobalSection
EndGlobal
